
Microsoft Visual Studio Solution File, Format Version 12.00
# Visual Studio Version 16
VisualStudioVersion = 16.0.28407.52
MinimumVisualStudioVersion = 10.0.40219.1
Project("{9A19103F-16F7-4668-BE54-9A1E7A4F7556}") = "DataLayer", "Entities\DataLayer.csproj", "{CF2CC24E-57BF-41F1-9250-CCFC133487DB}"
EndProject
Project("{2150E333-8FDC-42A3-9474-1A3956D46DE8}") = "Solution Items", "Solution Items", "{42F0C97F-59AE-4BD8-8D46-A61832D6E916}"
	ProjectSection(SolutionItems) = preProject
		..\README.md = ..\README.md
	EndProjectSection
EndProject
Project("{9A19103F-16F7-4668-BE54-9A1E7A4F7556}") = "HBD.EfCore.Extensions", "HBD.EfCore.Extensions\HBD.EfCore.Extensions.csproj", "{B56AA23B-CE81-409A-A96D-BED3DE821923}"
EndProject
Project("{9A19103F-16F7-4668-BE54-9A1E7A4F7556}") = "HBD.EfCore.Extensions.Tests", "HBD.EfCore.Extensions.Tests\HBD.EfCore.Extensions.Tests.csproj", "{E8CF9C7F-E43F-456D-BA3F-6AF1608D03B2}"
EndProject
Global
	GlobalSection(SolutionConfigurationPlatforms) = preSolution
		Debug|Any CPU = Debug|Any CPU
		Release|Any CPU = Release|Any CPU
	EndGlobalSection
	GlobalSection(ProjectConfigurationPlatforms) = postSolution
		{CF2CC24E-57BF-41F1-9250-CCFC133487DB}.Debug|Any CPU.ActiveCfg = Debug|Any CPU
		{CF2CC24E-57BF-41F1-9250-CCFC133487DB}.Debug|Any CPU.Build.0 = Debug|Any CPU
		{CF2CC24E-57BF-41F1-9250-CCFC133487DB}.Release|Any CPU.ActiveCfg = Release|Any CPU
		{CF2CC24E-57BF-41F1-9250-CCFC133487DB}.Release|Any CPU.Build.0 = Release|Any CPU
		{B56AA23B-CE81-409A-A96D-BED3DE821923}.Debug|Any CPU.ActiveCfg = Debug|Any CPU
		{B56AA23B-CE81-409A-A96D-BED3DE821923}.Debug|Any CPU.Build.0 = Debug|Any CPU
		{B56AA23B-CE81-409A-A96D-BED3DE821923}.Release|Any CPU.ActiveCfg = Release|Any CPU
		{B56AA23B-CE81-409A-A96D-BED3DE821923}.Release|Any CPU.Build.0 = Release|Any CPU
		{E8CF9C7F-E43F-456D-BA3F-6AF1608D03B2}.Debug|Any CPU.ActiveCfg = Debug|Any CPU
		{E8CF9C7F-E43F-456D-BA3F-6AF1608D03B2}.Debug|Any CPU.Build.0 = Debug|Any CPU
		{E8CF9C7F-E43F-456D-BA3F-6AF1608D03B2}.Release|Any CPU.ActiveCfg = Release|Any CPU
		{E8CF9C7F-E43F-456D-BA3F-6AF1608D03B2}.Release|Any CPU.Build.0 = Release|Any CPU
	EndGlobalSection
	GlobalSection(SolutionProperties) = preSolution
		HideSolutionNode = FALSE
	EndGlobalSection
	GlobalSection(ExtensibilityGlobals) = postSolution
		SolutionGuid = {BEEDB6AE-8BF4-484B-8C80-3057DFC82496}
	EndGlobalSection
EndGlobal
