
Microsoft Visual Studio Solution File, Format Version 12.00
# Visual Studio Version 16
VisualStudioVersion = 16.0.28407.52
MinimumVisualStudioVersion = 10.0.40219.1
Project("{9A19103F-16F7-4668-BE54-9A1E7A4F7556}") = "DataLayer", "Entities\DataLayer.csproj", "{CF2CC24E-57BF-41F1-9250-CCFC133487DB}"
EndProject
Project("{2150E333-8FDC-42A3-9474-1A3956D46DE8}") = "Solution Items", "Solution Items", "{42F0C97F-59AE-4BD8-8D46-A61832D6E916}"
	ProjectSection(SolutionItems) = preProject
		nuget.config = nuget.config
		..\README.md = ..\README.md
	EndProjectSection
EndProject
Project("{9A19103F-16F7-4668-BE54-9A1E7A4F7556}") = "HBD.EfCore.Extensions", "HBD.EfCore.Extensions\HBD.EfCore.Extensions.csproj", "{B56AA23B-CE81-409A-A96D-BED3DE821923}"
EndProject
Project("{9A19103F-16F7-4668-BE54-9A1E7A4F7556}") = "HBD.EfCore.Extensions.Tests", "HBD.EfCore.Extensions.Tests\HBD.EfCore.Extensions.Tests.csproj", "{E8CF9C7F-E43F-456D-BA3F-6AF1608D03B2}"
EndProject
Project("{9A19103F-16F7-4668-BE54-9A1E7A4F7556}") = "HBD.EfCore.EntityResolvers", "HBD.EfCore.EntityResolver\HBD.EfCore.EntityResolvers.csproj", "{0D18D93B-DDD7-45D1-99D5-BB4CD00DA557}"
EndProject
Project("{2150E333-8FDC-42A3-9474-1A3956D46DE8}") = "1. Extensions", "1. Extensions", "{A63DA4BA-8553-4578-BCDA-50F248FB6D15}"
EndProject
Project("{2150E333-8FDC-42A3-9474-1A3956D46DE8}") = "2. Tests", "2. Tests", "{7A661B0A-D0C9-49A5-ADC6-CE7A3DB8633B}"
EndProject
Project("{9A19103F-16F7-4668-BE54-9A1E7A4F7556}") = "HBD.EfCore.EntityResolver.Tests", "HBD.EfCore.EntityResolver.Tests\HBD.EfCore.EntityResolver.Tests.csproj", "{CE51EA1A-4C2A-4A15-9CD1-CB9E8D06B189}"
EndProject
Project("{9A19103F-16F7-4668-BE54-9A1E7A4F7556}") = "HBD.EfCore.Hooks", "HBD.EfCore.Hooks\HBD.EfCore.Hooks.csproj", "{2A1E770C-775E-43F4-A63E-7C9773E58003}"
EndProject
Project("{9A19103F-16F7-4668-BE54-9A1E7A4F7556}") = "HBD.EfCore.Hooks.Tests", "HBD.EfCore.Hooks.Tests\HBD.EfCore.Hooks.Tests.csproj", "{95116B95-4684-4BFD-B81A-0F5D5FCE1B4A}"
EndProject
Project("{9A19103F-16F7-4668-BE54-9A1E7A4F7556}") = "HBD.TestHelper", "HBD.TestHelper\HBD.TestHelper.csproj", "{E6FBA639-C3CE-4D07-BE0F-3B0E5FDC2469}"
EndProject
Project("{9A19103F-16F7-4668-BE54-9A1E7A4F7556}") = "Domains", "Domains\Domains.csproj", "{3A2D5886-EAED-4B3E-8D6B-F4B6FBE11E01}"
EndProject
Project("{9A19103F-16F7-4668-BE54-9A1E7A4F7556}") = "Infra", "Infra\Infra.csproj", "{D1ACF7B7-91EF-4D82-8248-42CD22B19FA7}"
EndProject
Project("{9A19103F-16F7-4668-BE54-9A1E7A4F7556}") = "HBD.EfCore.DDD", "HBD.EfCore.DDD\HBD.EfCore.DDD.csproj", "{992262C6-AA94-42B3-B5E1-062392680A7F}"
EndProject
Project("{9A19103F-16F7-4668-BE54-9A1E7A4F7556}") = "HBD.EfCore.DDD.Tests", "HBD.EfCore.DDD.Tests\HBD.EfCore.DDD.Tests.csproj", "{43FF57A2-E6E1-489B-88B8-DDB460DA1D78}"
EndProject
Global
	GlobalSection(SolutionConfigurationPlatforms) = preSolution
		Debug|Any CPU = Debug|Any CPU
		Release|Any CPU = Release|Any CPU
	EndGlobalSection
	GlobalSection(ProjectConfigurationPlatforms) = postSolution
		{CF2CC24E-57BF-41F1-9250-CCFC133487DB}.Debug|Any CPU.ActiveCfg = Debug|Any CPU
		{CF2CC24E-57BF-41F1-9250-CCFC133487DB}.Debug|Any CPU.Build.0 = Debug|Any CPU
		{CF2CC24E-57BF-41F1-9250-CCFC133487DB}.Release|Any CPU.ActiveCfg = Release|Any CPU
		{CF2CC24E-57BF-41F1-9250-CCFC133487DB}.Release|Any CPU.Build.0 = Release|Any CPU
		{B56AA23B-CE81-409A-A96D-BED3DE821923}.Debug|Any CPU.ActiveCfg = Debug|Any CPU
		{B56AA23B-CE81-409A-A96D-BED3DE821923}.Debug|Any CPU.Build.0 = Debug|Any CPU
		{B56AA23B-CE81-409A-A96D-BED3DE821923}.Release|Any CPU.ActiveCfg = Release|Any CPU
		{B56AA23B-CE81-409A-A96D-BED3DE821923}.Release|Any CPU.Build.0 = Release|Any CPU
		{E8CF9C7F-E43F-456D-BA3F-6AF1608D03B2}.Debug|Any CPU.ActiveCfg = Debug|Any CPU
		{E8CF9C7F-E43F-456D-BA3F-6AF1608D03B2}.Debug|Any CPU.Build.0 = Debug|Any CPU
		{E8CF9C7F-E43F-456D-BA3F-6AF1608D03B2}.Release|Any CPU.ActiveCfg = Release|Any CPU
		{E8CF9C7F-E43F-456D-BA3F-6AF1608D03B2}.Release|Any CPU.Build.0 = Release|Any CPU
		{0D18D93B-DDD7-45D1-99D5-BB4CD00DA557}.Debug|Any CPU.ActiveCfg = Debug|Any CPU
		{0D18D93B-DDD7-45D1-99D5-BB4CD00DA557}.Debug|Any CPU.Build.0 = Debug|Any CPU
		{0D18D93B-DDD7-45D1-99D5-BB4CD00DA557}.Release|Any CPU.ActiveCfg = Release|Any CPU
		{0D18D93B-DDD7-45D1-99D5-BB4CD00DA557}.Release|Any CPU.Build.0 = Release|Any CPU
		{CE51EA1A-4C2A-4A15-9CD1-CB9E8D06B189}.Debug|Any CPU.ActiveCfg = Debug|Any CPU
		{CE51EA1A-4C2A-4A15-9CD1-CB9E8D06B189}.Debug|Any CPU.Build.0 = Debug|Any CPU
		{CE51EA1A-4C2A-4A15-9CD1-CB9E8D06B189}.Release|Any CPU.ActiveCfg = Release|Any CPU
		{CE51EA1A-4C2A-4A15-9CD1-CB9E8D06B189}.Release|Any CPU.Build.0 = Release|Any CPU
		{2A1E770C-775E-43F4-A63E-7C9773E58003}.Debug|Any CPU.ActiveCfg = Debug|Any CPU
		{2A1E770C-775E-43F4-A63E-7C9773E58003}.Debug|Any CPU.Build.0 = Debug|Any CPU
		{2A1E770C-775E-43F4-A63E-7C9773E58003}.Release|Any CPU.ActiveCfg = Release|Any CPU
		{2A1E770C-775E-43F4-A63E-7C9773E58003}.Release|Any CPU.Build.0 = Release|Any CPU
		{95116B95-4684-4BFD-B81A-0F5D5FCE1B4A}.Debug|Any CPU.ActiveCfg = Debug|Any CPU
		{95116B95-4684-4BFD-B81A-0F5D5FCE1B4A}.Debug|Any CPU.Build.0 = Debug|Any CPU
		{95116B95-4684-4BFD-B81A-0F5D5FCE1B4A}.Release|Any CPU.ActiveCfg = Release|Any CPU
		{95116B95-4684-4BFD-B81A-0F5D5FCE1B4A}.Release|Any CPU.Build.0 = Release|Any CPU
		{E6FBA639-C3CE-4D07-BE0F-3B0E5FDC2469}.Debug|Any CPU.ActiveCfg = Debug|Any CPU
		{E6FBA639-C3CE-4D07-BE0F-3B0E5FDC2469}.Debug|Any CPU.Build.0 = Debug|Any CPU
		{E6FBA639-C3CE-4D07-BE0F-3B0E5FDC2469}.Release|Any CPU.ActiveCfg = Release|Any CPU
		{E6FBA639-C3CE-4D07-BE0F-3B0E5FDC2469}.Release|Any CPU.Build.0 = Release|Any CPU
		{3A2D5886-EAED-4B3E-8D6B-F4B6FBE11E01}.Debug|Any CPU.ActiveCfg = Debug|Any CPU
		{3A2D5886-EAED-4B3E-8D6B-F4B6FBE11E01}.Debug|Any CPU.Build.0 = Debug|Any CPU
		{3A2D5886-EAED-4B3E-8D6B-F4B6FBE11E01}.Release|Any CPU.ActiveCfg = Release|Any CPU
		{3A2D5886-EAED-4B3E-8D6B-F4B6FBE11E01}.Release|Any CPU.Build.0 = Release|Any CPU
		{D1ACF7B7-91EF-4D82-8248-42CD22B19FA7}.Debug|Any CPU.ActiveCfg = Debug|Any CPU
		{D1ACF7B7-91EF-4D82-8248-42CD22B19FA7}.Debug|Any CPU.Build.0 = Debug|Any CPU
		{D1ACF7B7-91EF-4D82-8248-42CD22B19FA7}.Release|Any CPU.ActiveCfg = Release|Any CPU
		{D1ACF7B7-91EF-4D82-8248-42CD22B19FA7}.Release|Any CPU.Build.0 = Release|Any CPU
		{992262C6-AA94-42B3-B5E1-062392680A7F}.Debug|Any CPU.ActiveCfg = Debug|Any CPU
		{992262C6-AA94-42B3-B5E1-062392680A7F}.Debug|Any CPU.Build.0 = Debug|Any CPU
		{992262C6-AA94-42B3-B5E1-062392680A7F}.Release|Any CPU.ActiveCfg = Release|Any CPU
		{992262C6-AA94-42B3-B5E1-062392680A7F}.Release|Any CPU.Build.0 = Release|Any CPU
		{43FF57A2-E6E1-489B-88B8-DDB460DA1D78}.Debug|Any CPU.ActiveCfg = Debug|Any CPU
		{43FF57A2-E6E1-489B-88B8-DDB460DA1D78}.Debug|Any CPU.Build.0 = Debug|Any CPU
		{43FF57A2-E6E1-489B-88B8-DDB460DA1D78}.Release|Any CPU.ActiveCfg = Release|Any CPU
		{43FF57A2-E6E1-489B-88B8-DDB460DA1D78}.Release|Any CPU.Build.0 = Release|Any CPU
	EndGlobalSection
	GlobalSection(SolutionProperties) = preSolution
		HideSolutionNode = FALSE
	EndGlobalSection
	GlobalSection(NestedProjects) = preSolution
		{CF2CC24E-57BF-41F1-9250-CCFC133487DB} = {7A661B0A-D0C9-49A5-ADC6-CE7A3DB8633B}
		{B56AA23B-CE81-409A-A96D-BED3DE821923} = {A63DA4BA-8553-4578-BCDA-50F248FB6D15}
		{E8CF9C7F-E43F-456D-BA3F-6AF1608D03B2} = {7A661B0A-D0C9-49A5-ADC6-CE7A3DB8633B}
		{0D18D93B-DDD7-45D1-99D5-BB4CD00DA557} = {A63DA4BA-8553-4578-BCDA-50F248FB6D15}
		{CE51EA1A-4C2A-4A15-9CD1-CB9E8D06B189} = {7A661B0A-D0C9-49A5-ADC6-CE7A3DB8633B}
		{2A1E770C-775E-43F4-A63E-7C9773E58003} = {A63DA4BA-8553-4578-BCDA-50F248FB6D15}
		{95116B95-4684-4BFD-B81A-0F5D5FCE1B4A} = {7A661B0A-D0C9-49A5-ADC6-CE7A3DB8633B}
		{E6FBA639-C3CE-4D07-BE0F-3B0E5FDC2469} = {7A661B0A-D0C9-49A5-ADC6-CE7A3DB8633B}
		{3A2D5886-EAED-4B3E-8D6B-F4B6FBE11E01} = {7A661B0A-D0C9-49A5-ADC6-CE7A3DB8633B}
		{D1ACF7B7-91EF-4D82-8248-42CD22B19FA7} = {7A661B0A-D0C9-49A5-ADC6-CE7A3DB8633B}
		{992262C6-AA94-42B3-B5E1-062392680A7F} = {A63DA4BA-8553-4578-BCDA-50F248FB6D15}
		{43FF57A2-E6E1-489B-88B8-DDB460DA1D78} = {7A661B0A-D0C9-49A5-ADC6-CE7A3DB8633B}
	EndGlobalSection
	GlobalSection(ExtensibilityGlobals) = postSolution
		SolutionGuid = {BEEDB6AE-8BF4-484B-8C80-3057DFC82496}
	EndGlobalSection
EndGlobal
