
Microsoft Visual Studio Solution File, Format Version 12.00
# Visual Studio 15
VisualStudioVersion = 15.0.28010.2026
MinimumVisualStudioVersion = 10.0.40219.1
Project("{9A19103F-16F7-4668-BE54-9A1E7A4F7556}") = "HBD.EntityFrameworkCore.Extensions", "HBD.EntityFrameworkCore.Extensions\HBD.EntityFrameworkCore.Extensions.csproj", "{1862FFBA-A0DC-4324-AB2D-78FC5FAE85FD}"
EndProject
Project("{9A19103F-16F7-4668-BE54-9A1E7A4F7556}") = "HBD.EntityFrameworkCore.Extensions.Tests", "HBD.EntityFrameworkCore.Extensions.Tests\HBD.EntityFrameworkCore.Extensions.Tests.csproj", "{1B3F84B8-7CA7-45F4-9642-3EB72F910E62}"
EndProject
Project("{9A19103F-16F7-4668-BE54-9A1E7A4F7556}") = "DataLayer", "Entities\DataLayer.csproj", "{CF2CC24E-57BF-41F1-9250-CCFC133487DB}"
EndProject
Project("{2150E333-8FDC-42A3-9474-1A3956D46DE8}") = "Solution Items", "Solution Items", "{42F0C97F-59AE-4BD8-8D46-A61832D6E916}"
	ProjectSection(SolutionItems) = preProject
		..\README.md = ..\README.md
	EndProjectSection
EndProject
Global
	GlobalSection(SolutionConfigurationPlatforms) = preSolution
		Debug|Any CPU = Debug|Any CPU
		Release|Any CPU = Release|Any CPU
	EndGlobalSection
	GlobalSection(ProjectConfigurationPlatforms) = postSolution
		{1862FFBA-A0DC-4324-AB2D-78FC5FAE85FD}.Debug|Any CPU.ActiveCfg = Debug|Any CPU
		{1862FFBA-A0DC-4324-AB2D-78FC5FAE85FD}.Debug|Any CPU.Build.0 = Debug|Any CPU
		{1862FFBA-A0DC-4324-AB2D-78FC5FAE85FD}.Release|Any CPU.ActiveCfg = Release|Any CPU
		{1862FFBA-A0DC-4324-AB2D-78FC5FAE85FD}.Release|Any CPU.Build.0 = Release|Any CPU
		{1B3F84B8-7CA7-45F4-9642-3EB72F910E62}.Debug|Any CPU.ActiveCfg = Debug|Any CPU
		{1B3F84B8-7CA7-45F4-9642-3EB72F910E62}.Debug|Any CPU.Build.0 = Debug|Any CPU
		{1B3F84B8-7CA7-45F4-9642-3EB72F910E62}.Release|Any CPU.ActiveCfg = Release|Any CPU
		{1B3F84B8-7CA7-45F4-9642-3EB72F910E62}.Release|Any CPU.Build.0 = Release|Any CPU
		{CF2CC24E-57BF-41F1-9250-CCFC133487DB}.Debug|Any CPU.ActiveCfg = Debug|Any CPU
		{CF2CC24E-57BF-41F1-9250-CCFC133487DB}.Debug|Any CPU.Build.0 = Debug|Any CPU
		{CF2CC24E-57BF-41F1-9250-CCFC133487DB}.Release|Any CPU.ActiveCfg = Release|Any CPU
		{CF2CC24E-57BF-41F1-9250-CCFC133487DB}.Release|Any CPU.Build.0 = Release|Any CPU
	EndGlobalSection
	GlobalSection(SolutionProperties) = preSolution
		HideSolutionNode = FALSE
	EndGlobalSection
	GlobalSection(ExtensibilityGlobals) = postSolution
		SolutionGuid = {BEEDB6AE-8BF4-484B-8C80-3057DFC82496}
	EndGlobalSection
EndGlobal
