
Microsoft Visual Studio Solution File, Format Version 12.00
# Visual Studio 15
VisualStudioVersion = 15.0.28010.2026
MinimumVisualStudioVersion = 10.0.40219.1
Project("{FAE04EC0-301F-11D3-BF4B-00C04F79EFBC}") = "HBD.EntityFrameworkCore.Extensions", "HBD.EntityFrameworkCore.Extensions\HBD.EntityFrameworkCore.Extensions.csproj", "{1862FFBA-A0DC-4324-AB2D-78FC5FAE85FD}"
EndProject
Project("{FAE04EC0-301F-11D3-BF4B-00C04F79EFBC}") = "HBD.EntityFrameworkCore.Extensions.Tests", "HBD.EntityFrameworkCore.Extensions.Tests\HBD.EntityFrameworkCore.Extensions.Tests.csproj", "{1B3F84B8-7CA7-45F4-9642-3EB72F910E62}"
EndProject
Project("{FAE04EC0-301F-11D3-BF4B-00C04F79EFBC}") = "DataLayer", "Entities\DataLayer.csproj", "{CF2CC24E-57BF-41F1-9250-CCFC133487DB}"
EndProject
Global
	GlobalSection(SolutionConfigurationPlatforms) = preSolution
		Debug|Any CPU = Debug|Any CPU
		Release|Any CPU = Release|Any CPU
	EndGlobalSection
	GlobalSection(ProjectConfigurationPlatforms) = postSolution
		{1862FFBA-A0DC-4324-AB2D-78FC5FAE85FD}.Debug|Any CPU.ActiveCfg = Debug|Any CPU
		{1862FFBA-A0DC-4324-AB2D-78FC5FAE85FD}.Debug|Any CPU.Build.0 = Debug|Any CPU
		{1862FFBA-A0DC-4324-AB2D-78FC5FAE85FD}.Release|Any CPU.ActiveCfg = Release|Any CPU
		{1862FFBA-A0DC-4324-AB2D-78FC5FAE85FD}.Release|Any CPU.Build.0 = Release|Any CPU
		{1B3F84B8-7CA7-45F4-9642-3EB72F910E62}.Debug|Any CPU.ActiveCfg = Debug|Any CPU
		{1B3F84B8-7CA7-45F4-9642-3EB72F910E62}.Debug|Any CPU.Build.0 = Debug|Any CPU
		{1B3F84B8-7CA7-45F4-9642-3EB72F910E62}.Release|Any CPU.ActiveCfg = Release|Any CPU
		{1B3F84B8-7CA7-45F4-9642-3EB72F910E62}.Release|Any CPU.Build.0 = Release|Any CPU
		{CF2CC24E-57BF-41F1-9250-CCFC133487DB}.Debug|Any CPU.ActiveCfg = Debug|Any CPU
		{CF2CC24E-57BF-41F1-9250-CCFC133487DB}.Debug|Any CPU.Build.0 = Debug|Any CPU
		{CF2CC24E-57BF-41F1-9250-CCFC133487DB}.Release|Any CPU.ActiveCfg = Release|Any CPU
		{CF2CC24E-57BF-41F1-9250-CCFC133487DB}.Release|Any CPU.Build.0 = Release|Any CPU
	EndGlobalSection
	GlobalSection(SolutionProperties) = preSolution
		HideSolutionNode = FALSE
	EndGlobalSection
	GlobalSection(ExtensibilityGlobals) = postSolution
		SolutionGuid = {BEEDB6AE-8BF4-484B-8C80-3057DFC82496}
	EndGlobalSection
EndGlobal
